// !$*UTF8*$!
{
	archiveVersion = 1;
	classes = {
	};
	objectVersion = 46;
	objects = {

/* Begin PBXBuildFile section */
		92402CDB16AB86DB0048A23F /* GSGroupViewController.m in Sources */ = {isa = PBXBuildFile; fileRef = 92402CD916AB86DB0048A23F /* GSGroupViewController.m */; };
		92402CDC16AB86DB0048A23F /* GSGroupViewController.xib in Resources */ = {isa = PBXBuildFile; fileRef = 92402CDA16AB86DB0048A23F /* GSGroupViewController.xib */; };
		D20369CE16AB6C420032AB2C /* Parse.framework in Frameworks */ = {isa = PBXBuildFile; fileRef = D20369CD16AB6C420032AB2C /* Parse.framework */; };
		D20369D016AB6C780032AB2C /* AudioToolbox.framework in Frameworks */ = {isa = PBXBuildFile; fileRef = D20369CF16AB6C780032AB2C /* AudioToolbox.framework */; };
		D20369D216AB6C7F0032AB2C /* Accounts.framework in Frameworks */ = {isa = PBXBuildFile; fileRef = D20369D116AB6C7F0032AB2C /* Accounts.framework */; settings = {ATTRIBUTES = (Weak, ); }; };
		D20369D416AB6C880032AB2C /* AdSupport.framework in Frameworks */ = {isa = PBXBuildFile; fileRef = D20369D316AB6C880032AB2C /* AdSupport.framework */; settings = {ATTRIBUTES = (Weak, ); }; };
		D20369D616AB6C8E0032AB2C /* CFNetwork.framework in Frameworks */ = {isa = PBXBuildFile; fileRef = D20369D516AB6C8E0032AB2C /* CFNetwork.framework */; };
		D20369D816AB6C9D0032AB2C /* CoreLocation.framework in Frameworks */ = {isa = PBXBuildFile; fileRef = D20369D716AB6C9D0032AB2C /* CoreLocation.framework */; };
		D20369DA16AB6CA90032AB2C /* libsqlite3.dylib in Frameworks */ = {isa = PBXBuildFile; fileRef = D20369D916AB6CA90032AB2C /* libsqlite3.dylib */; };
		D20369DC16AB6CB30032AB2C /* libz.1.1.3.dylib in Frameworks */ = {isa = PBXBuildFile; fileRef = D20369DB16AB6CB30032AB2C /* libz.1.1.3.dylib */; };
		D20369DE16AB6CBA0032AB2C /* MobileCoreServices.framework in Frameworks */ = {isa = PBXBuildFile; fileRef = D20369DD16AB6CBA0032AB2C /* MobileCoreServices.framework */; };
		D20369E016AB6CC10032AB2C /* QuartzCore.framework in Frameworks */ = {isa = PBXBuildFile; fileRef = D20369DF16AB6CC10032AB2C /* QuartzCore.framework */; };
		D20369E216AB6CC70032AB2C /* Security.framework in Frameworks */ = {isa = PBXBuildFile; fileRef = D20369E116AB6CC70032AB2C /* Security.framework */; };
		D20369E416AB6CCD0032AB2C /* Social.framework in Frameworks */ = {isa = PBXBuildFile; fileRef = D20369E316AB6CCD0032AB2C /* Social.framework */; settings = {ATTRIBUTES = (Weak, ); }; };
		D20369E616AB6CD40032AB2C /* StoreKit.framework in Frameworks */ = {isa = PBXBuildFile; fileRef = D20369E516AB6CD40032AB2C /* StoreKit.framework */; };
		D20369E816AB6CDD0032AB2C /* SystemConfiguration.framework in Frameworks */ = {isa = PBXBuildFile; fileRef = D20369E716AB6CDD0032AB2C /* SystemConfiguration.framework */; };
		D20369F716AB77020032AB2C /* GSClassTableViewCell.m in Sources */ = {isa = PBXBuildFile; fileRef = D20369EF16AB77020032AB2C /* GSClassTableViewCell.m */; };
		D20369F816AB77020032AB2C /* GSClassTableViewCell.xib in Resources */ = {isa = PBXBuildFile; fileRef = D20369F016AB77020032AB2C /* GSClassTableViewCell.xib */; };
		D20369F916AB77020032AB2C /* GSGroupTableViewCell.m in Sources */ = {isa = PBXBuildFile; fileRef = D20369F216AB77020032AB2C /* GSGroupTableViewCell.m */; };
		D20369FA16AB77020032AB2C /* GSGroupTableViewCell.xib in Resources */ = {isa = PBXBuildFile; fileRef = D20369F316AB77020032AB2C /* GSGroupTableViewCell.xib */; };
		D20369FB16AB77020032AB2C /* GSTeacherViewController.m in Sources */ = {isa = PBXBuildFile; fileRef = D20369F516AB77020032AB2C /* GSTeacherViewController.m */; };
		D20369FC16AB77020032AB2C /* GSTeacherViewController.xib in Resources */ = {isa = PBXBuildFile; fileRef = D20369F616AB77020032AB2C /* GSTeacherViewController.xib */; };
		D29234F216AB4EA700C26827 /* GSStudentViewController.m in Sources */ = {isa = PBXBuildFile; fileRef = D29234F016AB4EA700C26827 /* GSStudentViewController.m */; };
		D29234F316AB4EA700C26827 /* GSStudentViewController.xib in Resources */ = {isa = PBXBuildFile; fileRef = D29234F116AB4EA700C26827 /* GSStudentViewController.xib */; };
		D2C3530616AB4104009479C6 /* UIKit.framework in Frameworks */ = {isa = PBXBuildFile; fileRef = D2C3530516AB4104009479C6 /* UIKit.framework */; };
		D2C3530816AB4104009479C6 /* Foundation.framework in Frameworks */ = {isa = PBXBuildFile; fileRef = D2C3530716AB4104009479C6 /* Foundation.framework */; };
		D2C3530A16AB4104009479C6 /* CoreGraphics.framework in Frameworks */ = {isa = PBXBuildFile; fileRef = D2C3530916AB4104009479C6 /* CoreGraphics.framework */; };
		D2C3531016AB4105009479C6 /* InfoPlist.strings in Resources */ = {isa = PBXBuildFile; fileRef = D2C3530E16AB4105009479C6 /* InfoPlist.strings */; };
		D2C3531216AB4105009479C6 /* main.m in Sources */ = {isa = PBXBuildFile; fileRef = D2C3531116AB4105009479C6 /* main.m */; };
		D2C3531616AB4105009479C6 /* GSAppDelegate.m in Sources */ = {isa = PBXBuildFile; fileRef = D2C3531516AB4105009479C6 /* GSAppDelegate.m */; };
		D2C3531816AB4105009479C6 /* Default.png in Resources */ = {isa = PBXBuildFile; fileRef = D2C3531716AB4105009479C6 /* Default.png */; };
		D2C3531A16AB4105009479C6 /* Default@2x.png in Resources */ = {isa = PBXBuildFile; fileRef = D2C3531916AB4105009479C6 /* Default@2x.png */; };
		D2C3531C16AB4105009479C6 /* Default-568h@2x.png in Resources */ = {isa = PBXBuildFile; fileRef = D2C3531B16AB4105009479C6 /* Default-568h@2x.png */; };
		D2C3531F16AB4105009479C6 /* GSViewController.m in Sources */ = {isa = PBXBuildFile; fileRef = D2C3531E16AB4105009479C6 /* GSViewController.m */; };
		D2C3532216AB4105009479C6 /* GSViewController.xib in Resources */ = {isa = PBXBuildFile; fileRef = D2C3532016AB4105009479C6 /* GSViewController.xib */; };
		D2F4909C16AB876400B38FB7 /* GSTaskTableViewCell.m in Sources */ = {isa = PBXBuildFile; fileRef = D2F4909B16AB876400B38FB7 /* GSTaskTableViewCell.m */; };
		D2F4909F16AB882900B38FB7 /* GSTaskTableViewCell.xib in Resources */ = {isa = PBXBuildFile; fileRef = D2F4909E16AB882900B38FB7 /* GSTaskTableViewCell.xib */; };
/* End PBXBuildFile section */

/* Begin PBXFileReference section */
		92402CD816AB86DB0048A23F /* GSGroupViewController.h */ = {isa = PBXFileReference; fileEncoding = 4; lastKnownFileType = sourcecode.c.h; path = GSGroupViewController.h; sourceTree = "<group>"; };
		92402CD916AB86DB0048A23F /* GSGroupViewController.m */ = {isa = PBXFileReference; fileEncoding = 4; lastKnownFileType = sourcecode.c.objc; path = GSGroupViewController.m; sourceTree = "<group>"; };
		92402CDA16AB86DB0048A23F /* GSGroupViewController.xib */ = {isa = PBXFileReference; fileEncoding = 4; lastKnownFileType = file.xib; path = GSGroupViewController.xib; sourceTree = "<group>"; };
		D20369CD16AB6C420032AB2C /* Parse.framework */ = {isa = PBXFileReference; lastKnownFileType = wrapper.framework; path = Parse.framework; sourceTree = "<group>"; };
		D20369CF16AB6C780032AB2C /* AudioToolbox.framework */ = {isa = PBXFileReference; lastKnownFileType = wrapper.framework; name = AudioToolbox.framework; path = System/Library/Frameworks/AudioToolbox.framework; sourceTree = SDKROOT; };
		D20369D116AB6C7F0032AB2C /* Accounts.framework */ = {isa = PBXFileReference; lastKnownFileType = wrapper.framework; name = Accounts.framework; path = System/Library/Frameworks/Accounts.framework; sourceTree = SDKROOT; };
		D20369D316AB6C880032AB2C /* AdSupport.framework */ = {isa = PBXFileReference; lastKnownFileType = wrapper.framework; name = AdSupport.framework; path = System/Library/Frameworks/AdSupport.framework; sourceTree = SDKROOT; };
		D20369D516AB6C8E0032AB2C /* CFNetwork.framework */ = {isa = PBXFileReference; lastKnownFileType = wrapper.framework; name = CFNetwork.framework; path = System/Library/Frameworks/CFNetwork.framework; sourceTree = SDKROOT; };
		D20369D716AB6C9D0032AB2C /* CoreLocation.framework */ = {isa = PBXFileReference; lastKnownFileType = wrapper.framework; name = CoreLocation.framework; path = System/Library/Frameworks/CoreLocation.framework; sourceTree = SDKROOT; };
		D20369D916AB6CA90032AB2C /* libsqlite3.dylib */ = {isa = PBXFileReference; lastKnownFileType = "compiled.mach-o.dylib"; name = libsqlite3.dylib; path = usr/lib/libsqlite3.dylib; sourceTree = SDKROOT; };
		D20369DB16AB6CB30032AB2C /* libz.1.1.3.dylib */ = {isa = PBXFileReference; lastKnownFileType = "compiled.mach-o.dylib"; name = libz.1.1.3.dylib; path = usr/lib/libz.1.1.3.dylib; sourceTree = SDKROOT; };
		D20369DD16AB6CBA0032AB2C /* MobileCoreServices.framework */ = {isa = PBXFileReference; lastKnownFileType = wrapper.framework; name = MobileCoreServices.framework; path = System/Library/Frameworks/MobileCoreServices.framework; sourceTree = SDKROOT; };
		D20369DF16AB6CC10032AB2C /* QuartzCore.framework */ = {isa = PBXFileReference; lastKnownFileType = wrapper.framework; name = QuartzCore.framework; path = System/Library/Frameworks/QuartzCore.framework; sourceTree = SDKROOT; };
		D20369E116AB6CC70032AB2C /* Security.framework */ = {isa = PBXFileReference; lastKnownFileType = wrapper.framework; name = Security.framework; path = System/Library/Frameworks/Security.framework; sourceTree = SDKROOT; };
		D20369E316AB6CCD0032AB2C /* Social.framework */ = {isa = PBXFileReference; lastKnownFileType = wrapper.framework; name = Social.framework; path = System/Library/Frameworks/Social.framework; sourceTree = SDKROOT; };
		D20369E516AB6CD40032AB2C /* StoreKit.framework */ = {isa = PBXFileReference; lastKnownFileType = wrapper.framework; name = StoreKit.framework; path = System/Library/Frameworks/StoreKit.framework; sourceTree = SDKROOT; };
		D20369E716AB6CDD0032AB2C /* SystemConfiguration.framework */ = {isa = PBXFileReference; lastKnownFileType = wrapper.framework; name = SystemConfiguration.framework; path = System/Library/Frameworks/SystemConfiguration.framework; sourceTree = SDKROOT; };
		D20369EE16AB77020032AB2C /* GSClassTableViewCell.h */ = {isa = PBXFileReference; fileEncoding = 4; lastKnownFileType = sourcecode.c.h; path = GSClassTableViewCell.h; sourceTree = "<group>"; };
		D20369EF16AB77020032AB2C /* GSClassTableViewCell.m */ = {isa = PBXFileReference; fileEncoding = 4; lastKnownFileType = sourcecode.c.objc; path = GSClassTableViewCell.m; sourceTree = "<group>"; };
		D20369F016AB77020032AB2C /* GSClassTableViewCell.xib */ = {isa = PBXFileReference; fileEncoding = 4; lastKnownFileType = file.xib; path = GSClassTableViewCell.xib; sourceTree = "<group>"; };
		D20369F116AB77020032AB2C /* GSGroupTableViewCell.h */ = {isa = PBXFileReference; fileEncoding = 4; lastKnownFileType = sourcecode.c.h; path = GSGroupTableViewCell.h; sourceTree = "<group>"; };
		D20369F216AB77020032AB2C /* GSGroupTableViewCell.m */ = {isa = PBXFileReference; fileEncoding = 4; lastKnownFileType = sourcecode.c.objc; path = GSGroupTableViewCell.m; sourceTree = "<group>"; };
		D20369F316AB77020032AB2C /* GSGroupTableViewCell.xib */ = {isa = PBXFileReference; fileEncoding = 4; lastKnownFileType = file.xib; path = GSGroupTableViewCell.xib; sourceTree = "<group>"; };
		D20369F416AB77020032AB2C /* GSTeacherViewController.h */ = {isa = PBXFileReference; fileEncoding = 4; lastKnownFileType = sourcecode.c.h; path = GSTeacherViewController.h; sourceTree = "<group>"; };
		D20369F516AB77020032AB2C /* GSTeacherViewController.m */ = {isa = PBXFileReference; fileEncoding = 4; lastKnownFileType = sourcecode.c.objc; path = GSTeacherViewController.m; sourceTree = "<group>"; };
		D20369F616AB77020032AB2C /* GSTeacherViewController.xib */ = {isa = PBXFileReference; fileEncoding = 4; lastKnownFileType = file.xib; path = GSTeacherViewController.xib; sourceTree = "<group>"; };
		D29234EF16AB4EA700C26827 /* GSStudentViewController.h */ = {isa = PBXFileReference; fileEncoding = 4; lastKnownFileType = sourcecode.c.h; path = GSStudentViewController.h; sourceTree = "<group>"; };
		D29234F016AB4EA700C26827 /* GSStudentViewController.m */ = {isa = PBXFileReference; fileEncoding = 4; lastKnownFileType = sourcecode.c.objc; path = GSStudentViewController.m; sourceTree = "<group>"; };
		D29234F116AB4EA700C26827 /* GSStudentViewController.xib */ = {isa = PBXFileReference; fileEncoding = 4; lastKnownFileType = file.xib; path = GSStudentViewController.xib; sourceTree = "<group>"; };
		D2C3530116AB4104009479C6 /* GroupSail.app */ = {isa = PBXFileReference; explicitFileType = wrapper.application; includeInIndex = 0; path = GroupSail.app; sourceTree = BUILT_PRODUCTS_DIR; };
		D2C3530516AB4104009479C6 /* UIKit.framework */ = {isa = PBXFileReference; lastKnownFileType = wrapper.framework; name = UIKit.framework; path = System/Library/Frameworks/UIKit.framework; sourceTree = SDKROOT; };
		D2C3530716AB4104009479C6 /* Foundation.framework */ = {isa = PBXFileReference; lastKnownFileType = wrapper.framework; name = Foundation.framework; path = System/Library/Frameworks/Foundation.framework; sourceTree = SDKROOT; };
		D2C3530916AB4104009479C6 /* CoreGraphics.framework */ = {isa = PBXFileReference; lastKnownFileType = wrapper.framework; name = CoreGraphics.framework; path = System/Library/Frameworks/CoreGraphics.framework; sourceTree = SDKROOT; };
		D2C3530D16AB4105009479C6 /* GroupSail-Info.plist */ = {isa = PBXFileReference; lastKnownFileType = text.plist.xml; path = "GroupSail-Info.plist"; sourceTree = "<group>"; };
		D2C3530F16AB4105009479C6 /* en */ = {isa = PBXFileReference; lastKnownFileType = text.plist.strings; name = en; path = en.lproj/InfoPlist.strings; sourceTree = "<group>"; };
		D2C3531116AB4105009479C6 /* main.m */ = {isa = PBXFileReference; lastKnownFileType = sourcecode.c.objc; path = main.m; sourceTree = "<group>"; };
		D2C3531316AB4105009479C6 /* GroupSail-Prefix.pch */ = {isa = PBXFileReference; lastKnownFileType = sourcecode.c.h; path = "GroupSail-Prefix.pch"; sourceTree = "<group>"; };
		D2C3531416AB4105009479C6 /* GSAppDelegate.h */ = {isa = PBXFileReference; lastKnownFileType = sourcecode.c.h; path = GSAppDelegate.h; sourceTree = "<group>"; };
		D2C3531516AB4105009479C6 /* GSAppDelegate.m */ = {isa = PBXFileReference; lastKnownFileType = sourcecode.c.objc; path = GSAppDelegate.m; sourceTree = "<group>"; };
		D2C3531716AB4105009479C6 /* Default.png */ = {isa = PBXFileReference; lastKnownFileType = image.png; path = Default.png; sourceTree = "<group>"; };
		D2C3531916AB4105009479C6 /* Default@2x.png */ = {isa = PBXFileReference; lastKnownFileType = image.png; path = "Default@2x.png"; sourceTree = "<group>"; };
		D2C3531B16AB4105009479C6 /* Default-568h@2x.png */ = {isa = PBXFileReference; lastKnownFileType = image.png; path = "Default-568h@2x.png"; sourceTree = "<group>"; };
		D2C3531D16AB4105009479C6 /* GSViewController.h */ = {isa = PBXFileReference; lastKnownFileType = sourcecode.c.h; path = GSViewController.h; sourceTree = "<group>"; };
		D2C3531E16AB4105009479C6 /* GSViewController.m */ = {isa = PBXFileReference; lastKnownFileType = sourcecode.c.objc; path = GSViewController.m; sourceTree = "<group>"; };
		D2C3532116AB4105009479C6 /* en */ = {isa = PBXFileReference; lastKnownFileType = file.xib; name = en; path = en.lproj/GSViewController.xib; sourceTree = "<group>"; };
		D2F4909A16AB876400B38FB7 /* GSTaskTableViewCell.h */ = {isa = PBXFileReference; fileEncoding = 4; lastKnownFileType = sourcecode.c.h; path = GSTaskTableViewCell.h; sourceTree = "<group>"; };
		D2F4909B16AB876400B38FB7 /* GSTaskTableViewCell.m */ = {isa = PBXFileReference; fileEncoding = 4; lastKnownFileType = sourcecode.c.objc; path = GSTaskTableViewCell.m; sourceTree = "<group>"; };
		D2F4909E16AB882900B38FB7 /* GSTaskTableViewCell.xib */ = {isa = PBXFileReference; fileEncoding = 4; lastKnownFileType = file.xib; path = GSTaskTableViewCell.xib; sourceTree = "<group>"; };
/* End PBXFileReference section */

/* Begin PBXFrameworksBuildPhase section */
		D2C352FE16AB4104009479C6 /* Frameworks */ = {
			isa = PBXFrameworksBuildPhase;
			buildActionMask = 2147483647;
			files = (
				D20369E816AB6CDD0032AB2C /* SystemConfiguration.framework in Frameworks */,
				D20369E616AB6CD40032AB2C /* StoreKit.framework in Frameworks */,
				D20369E416AB6CCD0032AB2C /* Social.framework in Frameworks */,
				D20369E216AB6CC70032AB2C /* Security.framework in Frameworks */,
				D20369E016AB6CC10032AB2C /* QuartzCore.framework in Frameworks */,
				D20369DE16AB6CBA0032AB2C /* MobileCoreServices.framework in Frameworks */,
				D20369DC16AB6CB30032AB2C /* libz.1.1.3.dylib in Frameworks */,
				D20369DA16AB6CA90032AB2C /* libsqlite3.dylib in Frameworks */,
				D20369D816AB6C9D0032AB2C /* CoreLocation.framework in Frameworks */,
				D2C3530A16AB4104009479C6 /* CoreGraphics.framework in Frameworks */,
				D20369D616AB6C8E0032AB2C /* CFNetwork.framework in Frameworks */,
				D20369D416AB6C880032AB2C /* AdSupport.framework in Frameworks */,
				D20369D216AB6C7F0032AB2C /* Accounts.framework in Frameworks */,
				D20369D016AB6C780032AB2C /* AudioToolbox.framework in Frameworks */,
				D2C3530616AB4104009479C6 /* UIKit.framework in Frameworks */,
				D2C3530816AB4104009479C6 /* Foundation.framework in Frameworks */,
				D20369CE16AB6C420032AB2C /* Parse.framework in Frameworks */,
			);
			runOnlyForDeploymentPostprocessing = 0;
		};
/* End PBXFrameworksBuildPhase section */

/* Begin PBXGroup section */
		D29234F616AB513500C26827 /* Resources */ = {
			isa = PBXGroup;
			children = (
			);
			name = Resources;
			sourceTree = "<group>";
		};
		D2C352F616AB4104009479C6 = {
			isa = PBXGroup;
			children = (
				D20369E716AB6CDD0032AB2C /* SystemConfiguration.framework */,
				D20369E516AB6CD40032AB2C /* StoreKit.framework */,
				D20369E316AB6CCD0032AB2C /* Social.framework */,
				D20369E116AB6CC70032AB2C /* Security.framework */,
				D20369DF16AB6CC10032AB2C /* QuartzCore.framework */,
				D20369DD16AB6CBA0032AB2C /* MobileCoreServices.framework */,
				D20369DB16AB6CB30032AB2C /* libz.1.1.3.dylib */,
				D20369D916AB6CA90032AB2C /* libsqlite3.dylib */,
				D20369D716AB6C9D0032AB2C /* CoreLocation.framework */,
				D20369D516AB6C8E0032AB2C /* CFNetwork.framework */,
				D20369D316AB6C880032AB2C /* AdSupport.framework */,
				D20369D116AB6C7F0032AB2C /* Accounts.framework */,
				D20369CF16AB6C780032AB2C /* AudioToolbox.framework */,
				D2C3530916AB4104009479C6 /* CoreGraphics.framework */,
				D2C3530B16AB4104009479C6 /* GroupSail */,
				D2C3530416AB4104009479C6 /* Frameworks */,
				D2C3530216AB4104009479C6 /* Products */,
			);
			sourceTree = "<group>";
		};
		D2C3530216AB4104009479C6 /* Products */ = {
			isa = PBXGroup;
			children = (
				D2C3530116AB4104009479C6 /* GroupSail.app */,
			);
			name = Products;
			sourceTree = "<group>";
		};
		D2C3530416AB4104009479C6 /* Frameworks */ = {
			isa = PBXGroup;
			children = (
				D20369CD16AB6C420032AB2C /* Parse.framework */,
				D2C3530516AB4104009479C6 /* UIKit.framework */,
				D2C3530716AB4104009479C6 /* Foundation.framework */,
			);
			name = Frameworks;
			sourceTree = "<group>";
		};
		D2C3530B16AB4104009479C6 /* GroupSail */ = {
			isa = PBXGroup;
			children = (
				D29234F616AB513500C26827 /* Resources */,
				D2C3531D16AB4105009479C6 /* GSViewController.h */,
				D2C3531E16AB4105009479C6 /* GSViewController.m */,
				D2C3532016AB4105009479C6 /* GSViewController.xib */,
				D20369F416AB77020032AB2C /* GSTeacherViewController.h */,
				D20369F516AB77020032AB2C /* GSTeacherViewController.m */,
				D20369F616AB77020032AB2C /* GSTeacherViewController.xib */,
				92402CD816AB86DB0048A23F /* GSGroupViewController.h */,
				92402CD916AB86DB0048A23F /* GSGroupViewController.m */,
				92402CDA16AB86DB0048A23F /* GSGroupViewController.xib */,
				D29234EF16AB4EA700C26827 /* GSStudentViewController.h */,
				D29234F016AB4EA700C26827 /* GSStudentViewController.m */,
				D29234F116AB4EA700C26827 /* GSStudentViewController.xib */,
				D20369EE16AB77020032AB2C /* GSClassTableViewCell.h */,
				D20369EF16AB77020032AB2C /* GSClassTableViewCell.m */,
				D20369F016AB77020032AB2C /* GSClassTableViewCell.xib */,
				D29234EF16AB4EA700C26827 /* GSStudentViewController.h */,
				D29234F016AB4EA700C26827 /* GSStudentViewController.m */,
				D29234F116AB4EA700C26827 /* GSStudentViewController.xib */,
				D2F4909A16AB876400B38FB7 /* GSTaskTableViewCell.h */,
				D2F4909B16AB876400B38FB7 /* GSTaskTableViewCell.m */,
				D2F4909E16AB882900B38FB7 /* GSTaskTableViewCell.xib */,
				D20369F116AB77020032AB2C /* GSGroupTableViewCell.h */,
				D20369F216AB77020032AB2C /* GSGroupTableViewCell.m */,
				D20369F316AB77020032AB2C /* GSGroupTableViewCell.xib */,
				D2C3530C16AB4105009479C6 /* Supporting Files */,
			);
			path = GroupSail;
			sourceTree = "<group>";
		};
		D2C3530C16AB4105009479C6 /* Supporting Files */ = {
			isa = PBXGroup;
			children = (
				D2C3531416AB4105009479C6 /* GSAppDelegate.h */,
				D2C3531516AB4105009479C6 /* GSAppDelegate.m */,
				D2C3530D16AB4105009479C6 /* GroupSail-Info.plist */,
				D2C3530E16AB4105009479C6 /* InfoPlist.strings */,
				D2C3531116AB4105009479C6 /* main.m */,
				D2C3531316AB4105009479C6 /* GroupSail-Prefix.pch */,
				D2C3531716AB4105009479C6 /* Default.png */,
				D2C3531916AB4105009479C6 /* Default@2x.png */,
				D2C3531B16AB4105009479C6 /* Default-568h@2x.png */,
			);
			name = "Supporting Files";
			sourceTree = "<group>";
		};
/* End PBXGroup section */

/* Begin PBXNativeTarget section */
		D2C3530016AB4104009479C6 /* GroupSail */ = {
			isa = PBXNativeTarget;
			buildConfigurationList = D2C3532516AB4105009479C6 /* Build configuration list for PBXNativeTarget "GroupSail" */;
			buildPhases = (
				D2C352FD16AB4104009479C6 /* Sources */,
				D2C352FE16AB4104009479C6 /* Frameworks */,
				D2C352FF16AB4104009479C6 /* Resources */,
			);
			buildRules = (
			);
			dependencies = (
			);
			name = GroupSail;
			productName = GroupSail;
			productReference = D2C3530116AB4104009479C6 /* GroupSail.app */;
			productType = "com.apple.product-type.application";
		};
/* End PBXNativeTarget section */

/* Begin PBXProject section */
		D2C352F816AB4104009479C6 /* Project object */ = {
			isa = PBXProject;
			attributes = {
				CLASSPREFIX = GS;
				LastUpgradeCheck = 0450;
				ORGANIZATIONNAME = GroupSail;
			};
			buildConfigurationList = D2C352FB16AB4104009479C6 /* Build configuration list for PBXProject "GroupSail" */;
			compatibilityVersion = "Xcode 3.2";
			developmentRegion = English;
			hasScannedForEncodings = 0;
			knownRegions = (
				en,
			);
			mainGroup = D2C352F616AB4104009479C6;
			productRefGroup = D2C3530216AB4104009479C6 /* Products */;
			projectDirPath = "";
			projectRoot = "";
			targets = (
				D2C3530016AB4104009479C6 /* GroupSail */,
			);
		};
/* End PBXProject section */

/* Begin PBXResourcesBuildPhase section */
		D2C352FF16AB4104009479C6 /* Resources */ = {
			isa = PBXResourcesBuildPhase;
			buildActionMask = 2147483647;
			files = (
				D2C3531016AB4105009479C6 /* InfoPlist.strings in Resources */,
				D2C3531816AB4105009479C6 /* Default.png in Resources */,
				D2C3531A16AB4105009479C6 /* Default@2x.png in Resources */,
				D2C3531C16AB4105009479C6 /* Default-568h@2x.png in Resources */,
				D2C3532216AB4105009479C6 /* GSViewController.xib in Resources */,
				D29234F316AB4EA700C26827 /* GSStudentViewController.xib in Resources */,
				D20369F816AB77020032AB2C /* GSClassTableViewCell.xib in Resources */,
				D20369FA16AB77020032AB2C /* GSGroupTableViewCell.xib in Resources */,
				D20369FC16AB77020032AB2C /* GSTeacherViewController.xib in Resources */,
				92402CDC16AB86DB0048A23F /* GSGroupViewController.xib in Resources */,
				D2F4909F16AB882900B38FB7 /* GSTaskTableViewCell.xib in Resources */,
			);
			runOnlyForDeploymentPostprocessing = 0;
		};
/* End PBXResourcesBuildPhase section */

/* Begin PBXSourcesBuildPhase section */
		D2C352FD16AB4104009479C6 /* Sources */ = {
			isa = PBXSourcesBuildPhase;
			buildActionMask = 2147483647;
			files = (
				D2C3531216AB4105009479C6 /* main.m in Sources */,
				D2C3531616AB4105009479C6 /* GSAppDelegate.m in Sources */,
				D2C3531F16AB4105009479C6 /* GSViewController.m in Sources */,
				D29234F216AB4EA700C26827 /* GSStudentViewController.m in Sources */,
				D20369F716AB77020032AB2C /* GSClassTableViewCell.m in Sources */,
				D20369F916AB77020032AB2C /* GSGroupTableViewCell.m in Sources */,
				D20369FB16AB77020032AB2C /* GSTeacherViewController.m in Sources */,
				92402CDB16AB86DB0048A23F /* GSGroupViewController.m in Sources */,
				D2F4909C16AB876400B38FB7 /* GSTaskTableViewCell.m in Sources */,
			);
			runOnlyForDeploymentPostprocessing = 0;
		};
/* End PBXSourcesBuildPhase section */

/* Begin PBXVariantGroup section */
		D2C3530E16AB4105009479C6 /* InfoPlist.strings */ = {
			isa = PBXVariantGroup;
			children = (
				D2C3530F16AB4105009479C6 /* en */,
			);
			name = InfoPlist.strings;
			sourceTree = "<group>";
		};
		D2C3532016AB4105009479C6 /* GSViewController.xib */ = {
			isa = PBXVariantGroup;
			children = (
				D2C3532116AB4105009479C6 /* en */,
			);
			name = GSViewController.xib;
			sourceTree = "<group>";
		};
/* End PBXVariantGroup section */

/* Begin XCBuildConfiguration section */
		D2C3532316AB4105009479C6 /* Debug */ = {
			isa = XCBuildConfiguration;
			buildSettings = {
				ALWAYS_SEARCH_USER_PATHS = NO;
				CLANG_CXX_LANGUAGE_STANDARD = "gnu++0x";
				CLANG_CXX_LIBRARY = "libc++";
				CLANG_ENABLE_OBJC_ARC = YES;
				CLANG_WARN_EMPTY_BODY = YES;
				CLANG_WARN__DUPLICATE_METHOD_MATCH = YES;
				"CODE_SIGN_IDENTITY[sdk=iphoneos*]" = "iPhone Developer";
				COPY_PHASE_STRIP = NO;
				GCC_C_LANGUAGE_STANDARD = gnu99;
				GCC_DYNAMIC_NO_PIC = NO;
				GCC_OPTIMIZATION_LEVEL = 0;
				GCC_PREPROCESSOR_DEFINITIONS = (
					"DEBUG=1",
					"$(inherited)",
				);
				GCC_SYMBOLS_PRIVATE_EXTERN = NO;
				GCC_WARN_ABOUT_RETURN_TYPE = YES;
				GCC_WARN_UNINITIALIZED_AUTOS = YES;
				GCC_WARN_UNUSED_VARIABLE = YES;
				IPHONEOS_DEPLOYMENT_TARGET = 6.0;
				ONLY_ACTIVE_ARCH = YES;
				SDKROOT = iphoneos;
			};
			name = Debug;
		};
		D2C3532416AB4105009479C6 /* Release */ = {
			isa = XCBuildConfiguration;
			buildSettings = {
				ALWAYS_SEARCH_USER_PATHS = NO;
				CLANG_CXX_LANGUAGE_STANDARD = "gnu++0x";
				CLANG_CXX_LIBRARY = "libc++";
				CLANG_ENABLE_OBJC_ARC = YES;
				CLANG_WARN_EMPTY_BODY = YES;
				CLANG_WARN__DUPLICATE_METHOD_MATCH = YES;
				"CODE_SIGN_IDENTITY[sdk=iphoneos*]" = "iPhone Developer";
				COPY_PHASE_STRIP = YES;
				GCC_C_LANGUAGE_STANDARD = gnu99;
				GCC_WARN_ABOUT_RETURN_TYPE = YES;
				GCC_WARN_UNINITIALIZED_AUTOS = YES;
				GCC_WARN_UNUSED_VARIABLE = YES;
				IPHONEOS_DEPLOYMENT_TARGET = 6.0;
				OTHER_CFLAGS = "-DNS_BLOCK_ASSERTIONS=1";
				SDKROOT = iphoneos;
				VALIDATE_PRODUCT = YES;
			};
			name = Release;
		};
		D2C3532616AB4105009479C6 /* Debug */ = {
			isa = XCBuildConfiguration;
			buildSettings = {
				FRAMEWORK_SEARCH_PATHS = (
					"$(inherited)",
					"\"$(SRCROOT)\"",
				);
				GCC_PRECOMPILE_PREFIX_HEADER = YES;
				GCC_PREFIX_HEADER = "GroupSail/GroupSail-Prefix.pch";
				INFOPLIST_FILE = "GroupSail/GroupSail-Info.plist";
				IPHONEOS_DEPLOYMENT_TARGET = 5.1;
				PRODUCT_NAME = "$(TARGET_NAME)";
				WRAPPER_EXTENSION = app;
			};
			name = Debug;
		};
		D2C3532716AB4105009479C6 /* Release */ = {
			isa = XCBuildConfiguration;
			buildSettings = {
				FRAMEWORK_SEARCH_PATHS = (
					"$(inherited)",
					"\"$(SRCROOT)\"",
				);
				GCC_PRECOMPILE_PREFIX_HEADER = YES;
				GCC_PREFIX_HEADER = "GroupSail/GroupSail-Prefix.pch";
				INFOPLIST_FILE = "GroupSail/GroupSail-Info.plist";
				IPHONEOS_DEPLOYMENT_TARGET = 5.1;
				PRODUCT_NAME = "$(TARGET_NAME)";
				WRAPPER_EXTENSION = app;
			};
			name = Release;
		};
/* End XCBuildConfiguration section */

/* Begin XCConfigurationList section */
		D2C352FB16AB4104009479C6 /* Build configuration list for PBXProject "GroupSail" */ = {
			isa = XCConfigurationList;
			buildConfigurations = (
				D2C3532316AB4105009479C6 /* Debug */,
				D2C3532416AB4105009479C6 /* Release */,
			);
			defaultConfigurationIsVisible = 0;
			defaultConfigurationName = Release;
		};
		D2C3532516AB4105009479C6 /* Build configuration list for PBXNativeTarget "GroupSail" */ = {
			isa = XCConfigurationList;
			buildConfigurations = (
				D2C3532616AB4105009479C6 /* Debug */,
				D2C3532716AB4105009479C6 /* Release */,
			);
			defaultConfigurationIsVisible = 0;
			defaultConfigurationName = Release;
		};
/* End XCConfigurationList section */
	};
	rootObject = D2C352F816AB4104009479C6 /* Project object */;
}
